// !$*UTF8*$!
{
	archiveVersion = 1;
	classes = {
	};
	objectVersion = 56;
	objects = {

/* Begin PBXBuildFile section */
		A7AAEA852D87BE7100FEAB5C /* SwiftDecibelApp.swift in Sources */ = {isa = PBXBuildFile; fileRef = A7AAEA842D87BE7100FEAB5C /* SwiftDecibelApp.swift */; };
		A7AAEA872D87BE7100FEAB5C /* ContentView.swift in Sources */ = {isa = PBXBuildFile; fileRef = A7AAEA862D87BE7100FEAB5C /* ContentView.swift */; };
		A7AAEA892D87BE7200FEAB5C /* Assets.xcassets in Resources */ = {isa = PBXBuildFile; fileRef = A7AAEA882D87BE7200FEAB5C /* Assets.xcassets */; };
		A7AAEA8C2D87BE7200FEAB5C /* Preview Assets.xcassets in Resources */ = {isa = PBXBuildFile; fileRef = A7AAEA8B2D87BE7200FEAB5C /* Preview Assets.xcassets */; };
		A7AAEA962D87BE7200FEAB5C /* SwiftDecibelTests.swift in Sources */ = {isa = PBXBuildFile; fileRef = A7AAEA952D87BE7200FEAB5C /* SwiftDecibelTests.swift */; };
		A7AAEAA02D87BE7200FEAB5C /* SwiftDecibelUITests.swift in Sources */ = {isa = PBXBuildFile; fileRef = A7AAEA9F2D87BE7200FEAB5C /* SwiftDecibelUITests.swift */; };
		A7AAEAA22D87BE7200FEAB5C /* SwiftDecibelUITestsLaunchTests.swift in Sources */ = {isa = PBXBuildFile; fileRef = A7AAEAA12D87BE7200FEAB5C /* SwiftDecibelUITestsLaunchTests.swift */; };
/* End PBXBuildFile section */

/* Begin PBXContainerItemProxy section */
		A7AAEA922D87BE7200FEAB5C /* PBXContainerItemProxy */ = {
			isa = PBXContainerItemProxy;
			containerPortal = A7AAEA792D87BE7100FEAB5C /* Project object */;
			proxyType = 1;
			remoteGlobalIDString = A7AAEA802D87BE7100FEAB5C;
			remoteInfo = SwiftDecibel;
		};
		A7AAEA9C2D87BE7200FEAB5C /* PBXContainerItemProxy */ = {
			isa = PBXContainerItemProxy;
			containerPortal = A7AAEA792D87BE7100FEAB5C /* Project object */;
			proxyType = 1;
			remoteGlobalIDString = A7AAEA802D87BE7100FEAB5C;
			remoteInfo = SwiftDecibel;
		};
/* End PBXContainerItemProxy section */

/* Begin PBXFileReference section */
		A7AAEA812D87BE7100FEAB5C /* SwiftDecibel.app */ = {isa = PBXFileReference; explicitFileType = wrapper.application; includeInIndex = 0; path = SwiftDecibel.app; sourceTree = BUILT_PRODUCTS_DIR; };
		A7AAEA842D87BE7100FEAB5C /* SwiftDecibelApp.swift */ = {isa = PBXFileReference; lastKnownFileType = sourcecode.swift; path = SwiftDecibelApp.swift; sourceTree = "<group>"; };
		A7AAEA862D87BE7100FEAB5C /* ContentView.swift */ = {isa = PBXFileReference; lastKnownFileType = sourcecode.swift; path = ContentView.swift; sourceTree = "<group>"; };
		A7AAEA882D87BE7200FEAB5C /* Assets.xcassets */ = {isa = PBXFileReference; lastKnownFileType = folder.assetcatalog; path = Assets.xcassets; sourceTree = "<group>"; };
		A7AAEA8B2D87BE7200FEAB5C /* Preview Assets.xcassets */ = {isa = PBXFileReference; lastKnownFileType = folder.assetcatalog; path = "Preview Assets.xcassets"; sourceTree = "<group>"; };
		A7AAEA912D87BE7200FEAB5C /* SwiftDecibelTests.xctest */ = {isa = PBXFileReference; explicitFileType = wrapper.cfbundle; includeInIndex = 0; path = SwiftDecibelTests.xctest; sourceTree = BUILT_PRODUCTS_DIR; };
		A7AAEA952D87BE7200FEAB5C /* SwiftDecibelTests.swift */ = {isa = PBXFileReference; lastKnownFileType = sourcecode.swift; path = SwiftDecibelTests.swift; sourceTree = "<group>"; };
		A7AAEA9B2D87BE7200FEAB5C /* SwiftDecibelUITests.xctest */ = {isa = PBXFileReference; explicitFileType = wrapper.cfbundle; includeInIndex = 0; path = SwiftDecibelUITests.xctest; sourceTree = BUILT_PRODUCTS_DIR; };
		A7AAEA9F2D87BE7200FEAB5C /* SwiftDecibelUITests.swift */ = {isa = PBXFileReference; lastKnownFileType = sourcecode.swift; path = SwiftDecibelUITests.swift; sourceTree = "<group>"; };
		A7AAEAA12D87BE7200FEAB5C /* SwiftDecibelUITestsLaunchTests.swift */ = {isa = PBXFileReference; lastKnownFileType = sourcecode.swift; path = SwiftDecibelUITestsLaunchTests.swift; sourceTree = "<group>"; };
/* End PBXFileReference section */

/* Begin PBXFrameworksBuildPhase section */
		A7AAEA7E2D87BE7100FEAB5C /* Frameworks */ = {
			isa = PBXFrameworksBuildPhase;
			buildActionMask = 2147483647;
			files = (
			);
			runOnlyForDeploymentPostprocessing = 0;
		};
		A7AAEA8E2D87BE7200FEAB5C /* Frameworks */ = {
			isa = PBXFrameworksBuildPhase;
			buildActionMask = 2147483647;
			files = (
			);
			runOnlyForDeploymentPostprocessing = 0;
		};
		A7AAEA982D87BE7200FEAB5C /* Frameworks */ = {
			isa = PBXFrameworksBuildPhase;
			buildActionMask = 2147483647;
			files = (
			);
			runOnlyForDeploymentPostprocessing = 0;
		};
/* End PBXFrameworksBuildPhase section */

/* Begin PBXGroup section */
		A7AAEA782D87BE7100FEAB5C = {
			isa = PBXGroup;
			children = (
				A7AAEA832D87BE7100FEAB5C /* SwiftDecibel */,
				A7AAEA942D87BE7200FEAB5C /* SwiftDecibelTests */,
				A7AAEA9E2D87BE7200FEAB5C /* SwiftDecibelUITests */,
				A7AAEA822D87BE7100FEAB5C /* Products */,
			);
			sourceTree = "<group>";
		};
		A7AAEA822D87BE7100FEAB5C /* Products */ = {
			isa = PBXGroup;
			children = (
				A7AAEA812D87BE7100FEAB5C /* SwiftDecibel.app */,
				A7AAEA912D87BE7200FEAB5C /* SwiftDecibelTests.xctest */,
				A7AAEA9B2D87BE7200FEAB5C /* SwiftDecibelUITests.xctest */,
			);
			name = Products;
			sourceTree = "<group>";
		};
		A7AAEA832D87BE7100FEAB5C /* SwiftDecibel */ = {
			isa = PBXGroup;
			children = (
				A7AAEA842D87BE7100FEAB5C /* SwiftDecibelApp.swift */,
				A7AAEA862D87BE7100FEAB5C /* ContentView.swift */,
				A7AAEA882D87BE7200FEAB5C /* Assets.xcassets */,
				A7AAEA8A2D87BE7200FEAB5C /* Preview Content */,
			);
			path = SwiftDecibel;
			sourceTree = "<group>";
		};
		A7AAEA8A2D87BE7200FEAB5C /* Preview Content */ = {
			isa = PBXGroup;
			children = (
				A7AAEA8B2D87BE7200FEAB5C /* Preview Assets.xcassets */,
			);
			path = "Preview Content";
			sourceTree = "<group>";
		};
		A7AAEA942D87BE7200FEAB5C /* SwiftDecibelTests */ = {
			isa = PBXGroup;
			children = (
				A7AAEA952D87BE7200FEAB5C /* SwiftDecibelTests.swift */,
			);
			path = SwiftDecibelTests;
			sourceTree = "<group>";
		};
		A7AAEA9E2D87BE7200FEAB5C /* SwiftDecibelUITests */ = {
			isa = PBXGroup;
			children = (
				A7AAEA9F2D87BE7200FEAB5C /* SwiftDecibelUITests.swift */,
				A7AAEAA12D87BE7200FEAB5C /* SwiftDecibelUITestsLaunchTests.swift */,
			);
			path = SwiftDecibelUITests;
			sourceTree = "<group>";
		};
/* End PBXGroup section */

/* Begin PBXNativeTarget section */
		A7AAEA802D87BE7100FEAB5C /* SwiftDecibel */ = {
			isa = PBXNativeTarget;
			buildConfigurationList = A7AAEAA52D87BE7200FEAB5C /* Build configuration list for PBXNativeTarget "SwiftDecibel" */;
			buildPhases = (
				A7AAEA7D2D87BE7100FEAB5C /* Sources */,
				A7AAEA7E2D87BE7100FEAB5C /* Frameworks */,
				A7AAEA7F2D87BE7100FEAB5C /* Resources */,
			);
			buildRules = (
			);
			dependencies = (
			);
			name = SwiftDecibel;
			productName = SwiftDecibel;
			productReference = A7AAEA812D87BE7100FEAB5C /* SwiftDecibel.app */;
			productType = "com.apple.product-type.application";
		};
		A7AAEA902D87BE7200FEAB5C /* SwiftDecibelTests */ = {
			isa = PBXNativeTarget;
			buildConfigurationList = A7AAEAA82D87BE7200FEAB5C /* Build configuration list for PBXNativeTarget "SwiftDecibelTests" */;
			buildPhases = (
				A7AAEA8D2D87BE7200FEAB5C /* Sources */,
				A7AAEA8E2D87BE7200FEAB5C /* Frameworks */,
				A7AAEA8F2D87BE7200FEAB5C /* Resources */,
			);
			buildRules = (
			);
			dependencies = (
				A7AAEA932D87BE7200FEAB5C /* PBXTargetDependency */,
			);
			name = SwiftDecibelTests;
			productName = SwiftDecibelTests;
			productReference = A7AAEA912D87BE7200FEAB5C /* SwiftDecibelTests.xctest */;
			productType = "com.apple.product-type.bundle.unit-test";
		};
		A7AAEA9A2D87BE7200FEAB5C /* SwiftDecibelUITests */ = {
			isa = PBXNativeTarget;
			buildConfigurationList = A7AAEAAB2D87BE7200FEAB5C /* Build configuration list for PBXNativeTarget "SwiftDecibelUITests" */;
			buildPhases = (
				A7AAEA972D87BE7200FEAB5C /* Sources */,
				A7AAEA982D87BE7200FEAB5C /* Frameworks */,
				A7AAEA992D87BE7200FEAB5C /* Resources */,
			);
			buildRules = (
			);
			dependencies = (
				A7AAEA9D2D87BE7200FEAB5C /* PBXTargetDependency */,
			);
			name = SwiftDecibelUITests;
			productName = SwiftDecibelUITests;
			productReference = A7AAEA9B2D87BE7200FEAB5C /* SwiftDecibelUITests.xctest */;
			productType = "com.apple.product-type.bundle.ui-testing";
		};
/* End PBXNativeTarget section */

/* Begin PBXProject section */
		A7AAEA792D87BE7100FEAB5C /* Project object */ = {
			isa = PBXProject;
			attributes = {
				BuildIndependentTargetsInParallel = 1;
				LastSwiftUpdateCheck = 1540;
				LastUpgradeCheck = 1540;
				TargetAttributes = {
					A7AAEA802D87BE7100FEAB5C = {
						CreatedOnToolsVersion = 15.4;
					};
					A7AAEA902D87BE7200FEAB5C = {
						CreatedOnToolsVersion = 15.4;
						TestTargetID = A7AAEA802D87BE7100FEAB5C;
					};
					A7AAEA9A2D87BE7200FEAB5C = {
						CreatedOnToolsVersion = 15.4;
						TestTargetID = A7AAEA802D87BE7100FEAB5C;
					};
				};
			};
			buildConfigurationList = A7AAEA7C2D87BE7100FEAB5C /* Build configuration list for PBXProject "SwiftDecibel" */;
			compatibilityVersion = "Xcode 14.0";
			developmentRegion = en;
			hasScannedForEncodings = 0;
			knownRegions = (
				en,
				Base,
			);
			mainGroup = A7AAEA782D87BE7100FEAB5C;
			productRefGroup = A7AAEA822D87BE7100FEAB5C /* Products */;
			projectDirPath = "";
			projectRoot = "";
			targets = (
				A7AAEA802D87BE7100FEAB5C /* SwiftDecibel */,
				A7AAEA902D87BE7200FEAB5C /* SwiftDecibelTests */,
				A7AAEA9A2D87BE7200FEAB5C /* SwiftDecibelUITests */,
			);
		};
/* End PBXProject section */

/* Begin PBXResourcesBuildPhase section */
		A7AAEA7F2D87BE7100FEAB5C /* Resources */ = {
			isa = PBXResourcesBuildPhase;
			buildActionMask = 2147483647;
			files = (
				A7AAEA8C2D87BE7200FEAB5C /* Preview Assets.xcassets in Resources */,
				A7AAEA892D87BE7200FEAB5C /* Assets.xcassets in Resources */,
			);
			runOnlyForDeploymentPostprocessing = 0;
		};
		A7AAEA8F2D87BE7200FEAB5C /* Resources */ = {
			isa = PBXResourcesBuildPhase;
			buildActionMask = 2147483647;
			files = (
			);
			runOnlyForDeploymentPostprocessing = 0;
		};
		A7AAEA992D87BE7200FEAB5C /* Resources */ = {
			isa = PBXResourcesBuildPhase;
			buildActionMask = 2147483647;
			files = (
			);
			runOnlyForDeploymentPostprocessing = 0;
		};
/* End PBXResourcesBuildPhase section */

/* Begin PBXSourcesBuildPhase section */
		A7AAEA7D2D87BE7100FEAB5C /* Sources */ = {
			isa = PBXSourcesBuildPhase;
			buildActionMask = 2147483647;
			files = (
				A7AAEA872D87BE7100FEAB5C /* ContentView.swift in Sources */,
				A7AAEA852D87BE7100FEAB5C /* SwiftDecibelApp.swift in Sources */,
			);
			runOnlyForDeploymentPostprocessing = 0;
		};
		A7AAEA8D2D87BE7200FEAB5C /* Sources */ = {
			isa = PBXSourcesBuildPhase;
			buildActionMask = 2147483647;
			files = (
				A7AAEA962D87BE7200FEAB5C /* SwiftDecibelTests.swift in Sources */,
			);
			runOnlyForDeploymentPostprocessing = 0;
		};
		A7AAEA972D87BE7200FEAB5C /* Sources */ = {
			isa = PBXSourcesBuildPhase;
			buildActionMask = 2147483647;
			files = (
				A7AAEAA02D87BE7200FEAB5C /* SwiftDecibelUITests.swift in Sources */,
				A7AAEAA22D87BE7200FEAB5C /* SwiftDecibelUITestsLaunchTests.swift in Sources */,
			);
			runOnlyForDeploymentPostprocessing = 0;
		};
/* End PBXSourcesBuildPhase section */

/* Begin PBXTargetDependency section */
		A7AAEA932D87BE7200FEAB5C /* PBXTargetDependency */ = {
			isa = PBXTargetDependency;
			target = A7AAEA802D87BE7100FEAB5C /* SwiftDecibel */;
			targetProxy = A7AAEA922D87BE7200FEAB5C /* PBXContainerItemProxy */;
		};
		A7AAEA9D2D87BE7200FEAB5C /* PBXTargetDependency */ = {
			isa = PBXTargetDependency;
			target = A7AAEA802D87BE7100FEAB5C /* SwiftDecibel */;
			targetProxy = A7AAEA9C2D87BE7200FEAB5C /* PBXContainerItemProxy */;
		};
/* End PBXTargetDependency section */

/* Begin XCBuildConfiguration section */
		A7AAEAA32D87BE7200FEAB5C /* Debug */ = {
			isa = XCBuildConfiguration;
			buildSettings = {
				ALWAYS_SEARCH_USER_PATHS = NO;
				ASSETCATALOG_COMPILER_GENERATE_SWIFT_ASSET_SYMBOL_EXTENSIONS = YES;
				CLANG_ANALYZER_NONNULL = YES;
				CLANG_ANALYZER_NUMBER_OBJECT_CONVERSION = YES_AGGRESSIVE;
				CLANG_CXX_LANGUAGE_STANDARD = "gnu++20";
				CLANG_ENABLE_MODULES = YES;
				CLANG_ENABLE_OBJC_ARC = YES;
				CLANG_ENABLE_OBJC_WEAK = YES;
				CLANG_WARN_BLOCK_CAPTURE_AUTORELEASING = YES;
				CLANG_WARN_BOOL_CONVERSION = YES;
				CLANG_WARN_COMMA = YES;
				CLANG_WARN_CONSTANT_CONVERSION = YES;
				CLANG_WARN_DEPRECATED_OBJC_IMPLEMENTATIONS = YES;
				CLANG_WARN_DIRECT_OBJC_ISA_USAGE = YES_ERROR;
				CLANG_WARN_DOCUMENTATION_COMMENTS = YES;
				CLANG_WARN_EMPTY_BODY = YES;
				CLANG_WARN_ENUM_CONVERSION = YES;
				CLANG_WARN_INFINITE_RECURSION = YES;
				CLANG_WARN_INT_CONVERSION = YES;
				CLANG_WARN_NON_LITERAL_NULL_CONVERSION = YES;
				CLANG_WARN_OBJC_IMPLICIT_RETAIN_SELF = YES;
				CLANG_WARN_OBJC_LITERAL_CONVERSION = YES;
				CLANG_WARN_OBJC_ROOT_CLASS = YES_ERROR;
				CLANG_WARN_QUOTED_INCLUDE_IN_FRAMEWORK_HEADER = YES;
				CLANG_WARN_RANGE_LOOP_ANALYSIS = YES;
				CLANG_WARN_STRICT_PROTOTYPES = YES;
				CLANG_WARN_SUSPICIOUS_MOVE = YES;
				CLANG_WARN_UNGUARDED_AVAILABILITY = YES_AGGRESSIVE;
				CLANG_WARN_UNREACHABLE_CODE = YES;
				CLANG_WARN__DUPLICATE_METHOD_MATCH = YES;
				COPY_PHASE_STRIP = NO;
				DEBUG_INFORMATION_FORMAT = dwarf;
				ENABLE_STRICT_OBJC_MSGSEND = YES;
				ENABLE_TESTABILITY = YES;
				ENABLE_USER_SCRIPT_SANDBOXING = YES;
				GCC_C_LANGUAGE_STANDARD = gnu17;
				GCC_DYNAMIC_NO_PIC = NO;
				GCC_NO_COMMON_BLOCKS = YES;
				GCC_OPTIMIZATION_LEVEL = 0;
				GCC_PREPROCESSOR_DEFINITIONS = (
					"DEBUG=1",
					"$(inherited)",
				);
				GCC_WARN_64_TO_32_BIT_CONVERSION = YES;
				GCC_WARN_ABOUT_RETURN_TYPE = YES_ERROR;
				GCC_WARN_UNDECLARED_SELECTOR = YES;
				GCC_WARN_UNINITIALIZED_AUTOS = YES_AGGRESSIVE;
				GCC_WARN_UNUSED_FUNCTION = YES;
				GCC_WARN_UNUSED_VARIABLE = YES;
				IPHONEOS_DEPLOYMENT_TARGET = 17.5;
				LOCALIZATION_PREFERS_STRING_CATALOGS = YES;
				MTL_ENABLE_DEBUG_INFO = INCLUDE_SOURCE;
				MTL_FAST_MATH = YES;
				ONLY_ACTIVE_ARCH = YES;
				SDKROOT = iphoneos;
				SWIFT_ACTIVE_COMPILATION_CONDITIONS = "DEBUG $(inherited)";
				SWIFT_OPTIMIZATION_LEVEL = "-Onone";
			};
			name = Debug;
		};
		A7AAEAA42D87BE7200FEAB5C /* Release */ = {
			isa = XCBuildConfiguration;
			buildSettings = {
				ALWAYS_SEARCH_USER_PATHS = NO;
				ASSETCATALOG_COMPILER_GENERATE_SWIFT_ASSET_SYMBOL_EXTENSIONS = YES;
				CLANG_ANALYZER_NONNULL = YES;
				CLANG_ANALYZER_NUMBER_OBJECT_CONVERSION = YES_AGGRESSIVE;
				CLANG_CXX_LANGUAGE_STANDARD = "gnu++20";
				CLANG_ENABLE_MODULES = YES;
				CLANG_ENABLE_OBJC_ARC = YES;
				CLANG_ENABLE_OBJC_WEAK = YES;
				CLANG_WARN_BLOCK_CAPTURE_AUTORELEASING = YES;
				CLANG_WARN_BOOL_CONVERSION = YES;
				CLANG_WARN_COMMA = YES;
				CLANG_WARN_CONSTANT_CONVERSION = YES;
				CLANG_WARN_DEPRECATED_OBJC_IMPLEMENTATIONS = YES;
				CLANG_WARN_DIRECT_OBJC_ISA_USAGE = YES_ERROR;
				CLANG_WARN_DOCUMENTATION_COMMENTS = YES;
				CLANG_WARN_EMPTY_BODY = YES;
				CLANG_WARN_ENUM_CONVERSION = YES;
				CLANG_WARN_INFINITE_RECURSION = YES;
				CLANG_WARN_INT_CONVERSION = YES;
				CLANG_WARN_NON_LITERAL_NULL_CONVERSION = YES;
				CLANG_WARN_OBJC_IMPLICIT_RETAIN_SELF = YES;
				CLANG_WARN_OBJC_LITERAL_CONVERSION = YES;
				CLANG_WARN_OBJC_ROOT_CLASS = YES_ERROR;
				CLANG_WARN_QUOTED_INCLUDE_IN_FRAMEWORK_HEADER = YES;
				CLANG_WARN_RANGE_LOOP_ANALYSIS = YES;
				CLANG_WARN_STRICT_PROTOTYPES = YES;
				CLANG_WARN_SUSPICIOUS_MOVE = YES;
				CLANG_WARN_UNGUARDED_AVAILABILITY = YES_AGGRESSIVE;
				CLANG_WARN_UNREACHABLE_CODE = YES;
				CLANG_WARN__DUPLICATE_METHOD_MATCH = YES;
				COPY_PHASE_STRIP = NO;
				DEBUG_INFORMATION_FORMAT = "dwarf-with-dsym";
				ENABLE_NS_ASSERTIONS = NO;
				ENABLE_STRICT_OBJC_MSGSEND = YES;
				ENABLE_USER_SCRIPT_SANDBOXING = YES;
				GCC_C_LANGUAGE_STANDARD = gnu17;
				GCC_NO_COMMON_BLOCKS = YES;
				GCC_WARN_64_TO_32_BIT_CONVERSION = YES;
				GCC_WARN_ABOUT_RETURN_TYPE = YES_ERROR;
				GCC_WARN_UNDECLARED_SELECTOR = YES;
				GCC_WARN_UNINITIALIZED_AUTOS = YES_AGGRESSIVE;
				GCC_WARN_UNUSED_FUNCTION = YES;
				GCC_WARN_UNUSED_VARIABLE = YES;
				IPHONEOS_DEPLOYMENT_TARGET = 17.5;
				LOCALIZATION_PREFERS_STRING_CATALOGS = YES;
				MTL_ENABLE_DEBUG_INFO = NO;
				MTL_FAST_MATH = YES;
				SDKROOT = iphoneos;
				SWIFT_COMPILATION_MODE = wholemodule;
				VALIDATE_PRODUCT = YES;
			};
			name = Release;
		};
		A7AAEAA62D87BE7200FEAB5C /* Debug */ = {
			isa = XCBuildConfiguration;
			buildSettings = {
				ASSETCATALOG_COMPILER_APPICON_NAME = AppIcon;
				ASSETCATALOG_COMPILER_GLOBAL_ACCENT_COLOR_NAME = AccentColor;
				CODE_SIGN_STYLE = Automatic;
				CURRENT_PROJECT_VERSION = 1;
				DEVELOPMENT_ASSET_PATHS = "\"SwiftDecibel/Preview Content\"";
				DEVELOPMENT_TEAM = 7BTRA2CXR7;
				ENABLE_PREVIEWS = YES;
				GENERATE_INFOPLIST_FILE = YES;
				INFOPLIST_KEY_NSMicrophoneUsageDescription = "マイクを利用します";
				INFOPLIST_KEY_UIApplicationSceneManifest_Generation = YES;
				INFOPLIST_KEY_UIApplicationSupportsIndirectInputEvents = YES;
				INFOPLIST_KEY_UILaunchScreen_Generation = YES;
				INFOPLIST_KEY_UISupportedInterfaceOrientations_iPad = "UIInterfaceOrientationPortrait UIInterfaceOrientationPortraitUpsideDown UIInterfaceOrientationLandscapeLeft UIInterfaceOrientationLandscapeRight";
				INFOPLIST_KEY_UISupportedInterfaceOrientations_iPhone = "UIInterfaceOrientationPortrait UIInterfaceOrientationLandscapeLeft UIInterfaceOrientationLandscapeRight";
				LD_RUNPATH_SEARCH_PATHS = (
					"$(inherited)",
					"@executable_path/Frameworks",
				);
				MARKETING_VERSION = 1.0;
				PRODUCT_BUNDLE_IDENTIFIER = com.moririn.SwiftDecibel;
				PRODUCT_NAME = "$(TARGET_NAME)";
				SWIFT_EMIT_LOC_STRINGS = YES;
				SWIFT_VERSION = 5.0;
				TARGETED_DEVICE_FAMILY = "1,2";
			};
			name = Debug;
		};
		A7AAEAA72D87BE7200FEAB5C /* Release */ = {
			isa = XCBuildConfiguration;
			buildSettings = {
				ASSETCATALOG_COMPILER_APPICON_NAME = AppIcon;
				ASSETCATALOG_COMPILER_GLOBAL_ACCENT_COLOR_NAME = AccentColor;
				CODE_SIGN_STYLE = Automatic;
				CURRENT_PROJECT_VERSION = 1;
				DEVELOPMENT_ASSET_PATHS = "\"SwiftDecibel/Preview Content\"";
				DEVELOPMENT_TEAM = 7BTRA2CXR7;
				ENABLE_PREVIEWS = YES;
				GENERATE_INFOPLIST_FILE = YES;
				INFOPLIST_KEY_NSMicrophoneUsageDescription = "マイクを利用します";
				INFOPLIST_KEY_UIApplicationSceneManifest_Generation = YES;
				INFOPLIST_KEY_UIApplicationSupportsIndirectInputEvents = YES;
				INFOPLIST_KEY_UILaunchScreen_Generation = YES;
				INFOPLIST_KEY_UISupportedInterfaceOrientations_iPad = "UIInterfaceOrientationPortrait UIInterfaceOrientationPortraitUpsideDown UIInterfaceOrientationLandscapeLeft UIInterfaceOrientationLandscapeRight";
				INFOPLIST_KEY_UISupportedInterfaceOrientations_iPhone = "UIInterfaceOrientationPortrait UIInterfaceOrientationLandscapeLeft UIInterfaceOrientationLandscapeRight";
				LD_RUNPATH_SEARCH_PATHS = (
					"$(inherited)",
					"@executable_path/Frameworks",
				);
				MARKETING_VERSION = 1.0;
				PRODUCT_BUNDLE_IDENTIFIER = com.moririn.SwiftDecibel;
				PRODUCT_NAME = "$(TARGET_NAME)";
				SWIFT_EMIT_LOC_STRINGS = YES;
				SWIFT_VERSION = 5.0;
				TARGETED_DEVICE_FAMILY = "1,2";
			};
			name = Release;
		};
		A7AAEAA92D87BE7200FEAB5C /* Debug */ = {
			isa = XCBuildConfiguration;
			buildSettings = {
				ALWAYS_EMBED_SWIFT_STANDARD_LIBRARIES = YES;
				BUNDLE_LOADER = "$(TEST_HOST)";
				CODE_SIGN_STYLE = Automatic;
				CURRENT_PROJECT_VERSION = 1;
				GENERATE_INFOPLIST_FILE = YES;
				IPHONEOS_DEPLOYMENT_TARGET = 17.5;
				MARKETING_VERSION = 1.0;
				PRODUCT_BUNDLE_IDENTIFIER = com.moririn.SwiftDecibelTests;
				PRODUCT_NAME = "$(TARGET_NAME)";
				SWIFT_EMIT_LOC_STRINGS = NO;
				SWIFT_VERSION = 5.0;
				TARGETED_DEVICE_FAMILY = "1,2";
				TEST_HOST = "$(BUILT_PRODUCTS_DIR)/SwiftDecibel.app/$(BUNDLE_EXECUTABLE_FOLDER_PATH)/SwiftDecibel";
			};
			name = Debug;
		};
		A7AAEAAA2D87BE7200FEAB5C /* Release */ = {
			isa = XCBuildConfiguration;
			buildSettings = {
				ALWAYS_EMBED_SWIFT_STANDARD_LIBRARIES = YES;
				BUNDLE_LOADER = "$(TEST_HOST)";
				CODE_SIGN_STYLE = Automatic;
				CURRENT_PROJECT_VERSION = 1;
				GENERATE_INFOPLIST_FILE = YES;
				IPHONEOS_DEPLOYMENT_TARGET = 17.5;
				MARKETING_VERSION = 1.0;
				PRODUCT_BUNDLE_IDENTIFIER = com.moririn.SwiftDecibelTests;
				PRODUCT_NAME = "$(TARGET_NAME)";
				SWIFT_EMIT_LOC_STRINGS = NO;
				SWIFT_VERSION = 5.0;
				TARGETED_DEVICE_FAMILY = "1,2";
				TEST_HOST = "$(BUILT_PRODUCTS_DIR)/SwiftDecibel.app/$(BUNDLE_EXECUTABLE_FOLDER_PATH)/SwiftDecibel";
			};
			name = Release;
		};
		A7AAEAAC2D87BE7200FEAB5C /* Debug */ = {
			isa = XCBuildConfiguration;
			buildSettings = {
				ALWAYS_EMBED_SWIFT_STANDARD_LIBRARIES = YES;
				CODE_SIGN_STYLE = Automatic;
				CURRENT_PROJECT_VERSION = 1;
				GENERATE_INFOPLIST_FILE = YES;
				MARKETING_VERSION = 1.0;
				PRODUCT_BUNDLE_IDENTIFIER = com.moririn.SwiftDecibelUITests;
				PRODUCT_NAME = "$(TARGET_NAME)";
				SWIFT_EMIT_LOC_STRINGS = NO;
				SWIFT_VERSION = 5.0;
				TARGETED_DEVICE_FAMILY = "1,2";
				TEST_TARGET_NAME = SwiftDecibel;
			};
			name = Debug;
		};
		A7AAEAAD2D87BE7200FEAB5C /* Release */ = {
			isa = XCBuildConfiguration;
			buildSettings = {
				ALWAYS_EMBED_SWIFT_STANDARD_LIBRARIES = YES;
				CODE_SIGN_STYLE = Automatic;
				CURRENT_PROJECT_VERSION = 1;
				GENERATE_INFOPLIST_FILE = YES;
				MARKETING_VERSION = 1.0;
				PRODUCT_BUNDLE_IDENTIFIER = com.moririn.SwiftDecibelUITests;
				PRODUCT_NAME = "$(TARGET_NAME)";
				SWIFT_EMIT_LOC_STRINGS = NO;
				SWIFT_VERSION = 5.0;
				TARGETED_DEVICE_FAMILY = "1,2";
				TEST_TARGET_NAME = SwiftDecibel;
			};
			name = Release;
		};
/* End XCBuildConfiguration section */

/* Begin XCConfigurationList section */
		A7AAEA7C2D87BE7100FEAB5C /* Build configuration list for PBXProject "SwiftDecibel" */ = {
			isa = XCConfigurationList;
			buildConfigurations = (
				A7AAEAA32D87BE7200FEAB5C /* Debug */,
				A7AAEAA42D87BE7200FEAB5C /* Release */,
			);
			defaultConfigurationIsVisible = 0;
			defaultConfigurationName = Release;
		};
		A7AAEAA52D87BE7200FEAB5C /* Build configuration list for PBXNativeTarget "SwiftDecibel" */ = {
			isa = XCConfigurationList;
			buildConfigurations = (
				A7AAEAA62D87BE7200FEAB5C /* Debug */,
				A7AAEAA72D87BE7200FEAB5C /* Release */,
			);
			defaultConfigurationIsVisible = 0;
			defaultConfigurationName = Release;
		};
		A7AAEAA82D87BE7200FEAB5C /* Build configuration list for PBXNativeTarget "SwiftDecibelTests" */ = {
			isa = XCConfigurationList;
			buildConfigurations = (
				A7AAEAA92D87BE7200FEAB5C /* Debug */,
				A7AAEAAA2D87BE7200FEAB5C /* Release */,
			);
			defaultConfigurationIsVisible = 0;
			defaultConfigurationName = Release;
		};
		A7AAEAAB2D87BE7200FEAB5C /* Build configuration list for PBXNativeTarget "SwiftDecibelUITests" */ = {
			isa = XCConfigurationList;
			buildConfigurations = (
				A7AAEAAC2D87BE7200FEAB5C /* Debug */,
				A7AAEAAD2D87BE7200FEAB5C /* Release */,
			);
			defaultConfigurationIsVisible = 0;
			defaultConfigurationName = Release;
		};
/* End XCConfigurationList section */
	};
	rootObject = A7AAEA792D87BE7100FEAB5C /* Project object */;
}
